github.com/MrDweller/event-handler v1.0.0 h1:2zKHZtbTdJtxFM/32NypQ+CcJv/SVV5vvbPU+Z8eFEo=
github.com/MrDweller/event-handler v1.0.0/go.mod h1:lVCywWgIhRvoVZZCiNC7k+8foK1I/k3MbVEAYpACLD0=
github.com/MrDweller/orchestrator-connection v1.0.13 h1:iAlf274SCMNJpPAS3hUTQvZ38bYZ1+M/kT+PEjldDKM=
github.com/MrDweller/orchestrator-connection v1.0.13/go.mod h1:gIzXE2JKyxtGe5ftzEN07B7XnsZCuSbzsH7OO6agiRA=
github.com/MrDweller/service-registry-connection v1.0.9 h1:sjkXPPtrLJZINCQOafuf1UBbiF+yCap7FQMOqse/cv0=
github.com/MrDweller/service-registry-connection v1.0.9/go.mod h1:werFDrDntle8VBpcVjyWQ+IzAJBGwv7vqpxWgf8/z1Q=
github.com/joho/godotenv v1.5.1 h1:7eLL/+HRGLY0ldzfGMeQkb7vMd0as4CfYvUVzLqw0N0=
github.com/joho/godotenv v1.5.1/go.mod h1:f4LDr5Voq0i2e/R5DDNOoa2zzDfwtkZa6DnEwAbqwq4=
github.com/rabbitmq/amqp091-go v1.10.0 h1:STpn5XsHlHGcecLmMFCtg7mqq0RnD+zFr4uzukfVhBw=
github.com/rabbitmq/amqp091-go v1.10.0/go.mod h1:Hy4jKW5kQART1u+JkDTF9YYOQUHXqMuhrgxOEeS7G4o=
